{
	"name": "@alanrynne/ifc-syntax-server",
	"version": "0.2.2",
	"lockfileVersion": 1,
	"requires": true,
	"dependencies": {
		"@alanrynne/ifc-syntax-ast-parser": {
			"version": "0.2.1",
			"resolved": "https://npm.pkg.github.com/download/@alanrynne/ifc-syntax-ast-parser/0.2.1/2120b0e1db37b9e9cf298c47c19bb18cdd9b3a86624c3023e18d7443e804237d",
			"integrity": "sha512-vZ5rE2FEMX2X85luzHZv49nOg2cFckT/khGRH+Wu0uEQj959wGrM/JbGQcMh64PYbzdmAsbf+UMSBcdh/0CYfg==",
			"requires": {
				"moo": "^0.5.1",
				"nearley": "^2.20"
			}
		},
		"@alanrynne/ifc-syntax-parser": {
			"version": "0.2.1",
			"resolved": "https://npm.pkg.github.com/download/@alanrynne/ifc-syntax-parser/0.2.1/b24af2d47e5da351f9e29ce2188d46ac7925864aa8611f71a1fc5a383850b581",
			"integrity": "sha512-riHG47CgfG/ZCx7zwvlqqG02T5dwE77AMEBV27yubA70IFxHff/NAkUmj5jhO8K+BD5qHVEOAVBDpHpft6y/Cg==",
			"requires": {
				"chevrotain": "^9.0.1"
			}
		},
		"@chevrotain/types": {
			"version": "9.0.1",
			"resolved": "https://registry.npmjs.org/@chevrotain/types/-/types-9.0.1.tgz",
			"integrity": "sha512-jyIgbvb0Vz3OhLdImiufolBxRNAPFhpZmWuNWQ9ffU+nsxLJ0a0yObRCkdT2MKGXolwLZow3r8zhVr/7f5yNSA=="
		},
		"@chevrotain/utils": {
			"version": "9.0.0",
			"resolved": "https://registry.npmjs.org/@chevrotain/utils/-/utils-9.0.0.tgz",
			"integrity": "sha512-J0uI+VxqCMiTFmVD95dfZr1QxJcw1RMQc7X3umMAfEcG5f2uWrZeyX0h3hURvXgzUcK6vXH5r+SNv+4bPxWpdg=="
		},
		"chevrotain": {
			"version": "9.0.1",
			"resolved": "https://registry.npmjs.org/chevrotain/-/chevrotain-9.0.1.tgz",
			"integrity": "sha512-7rFWS+G8yavnYK5AcqSL9mSXPRfz+atuwM4Hq5Ph/CNM7n7zl3woPXMGWS+cdxSD01nic4PozN12zaw1Fu8cug==",
			"requires": {
				"@chevrotain/types": "^9.0.1",
				"@chevrotain/utils": "^9.0.0",
				"regexp-to-ast": "0.5.0"
			}
		},
		"commander": {
			"version": "2.20.3",
			"resolved": "https://registry.npmjs.org/commander/-/commander-2.20.3.tgz",
			"integrity": "sha512-GpVkmM8vF2vQUkj2LvZmD35JxeJOLCwJ9cUkugyk2nuhbv3+mJvpLYYt+0+USMxE+oj+ey/lJEnhZw75x/OMcQ=="
		},
		"discontinuous-range": {
			"version": "1.0.0",
			"resolved": "https://registry.npmjs.org/discontinuous-range/-/discontinuous-range-1.0.0.tgz",
			"integrity": "sha1-44Mx8IRLukm5qctxx3FYWqsbxlo="
		},
		"moo": {
			"version": "0.5.1",
			"resolved": "https://registry.npmjs.org/moo/-/moo-0.5.1.tgz",
			"integrity": "sha512-I1mnb5xn4fO80BH9BLcF0yLypy2UKl+Cb01Fu0hJRkJjlCRtxZMWkTdAtDd5ZqCOxtCkhmRwyI57vWT+1iZ67w=="
		},
		"nearley": {
			"version": "2.20.1",
			"resolved": "https://registry.npmjs.org/nearley/-/nearley-2.20.1.tgz",
			"integrity": "sha512-+Mc8UaAebFzgV+KpI5n7DasuuQCHA89dmwm7JXw3TV43ukfNQ9DnBH3Mdb2g/I4Fdxc26pwimBWvjIw0UAILSQ==",
			"requires": {
				"commander": "^2.19.0",
				"moo": "^0.5.0",
				"railroad-diagrams": "^1.0.0",
				"randexp": "0.4.6"
			}
		},
		"railroad-diagrams": {
			"version": "1.0.0",
			"resolved": "https://registry.npmjs.org/railroad-diagrams/-/railroad-diagrams-1.0.0.tgz",
			"integrity": "sha1-635iZ1SN3t+4mcG5Dlc3RVnN234="
		},
		"randexp": {
			"version": "0.4.6",
			"resolved": "https://registry.npmjs.org/randexp/-/randexp-0.4.6.tgz",
			"integrity": "sha512-80WNmd9DA0tmZrw9qQa62GPPWfuXJknrmVmLcxvq4uZBdYqb1wYoKTmnlGUchvVWe0XiLupYkBoXVOxz3C8DYQ==",
			"requires": {
				"discontinuous-range": "1.0.0",
				"ret": "~0.1.10"
			}
		},
		"regexp-to-ast": {
			"version": "0.5.0",
			"resolved": "https://registry.npmjs.org/regexp-to-ast/-/regexp-to-ast-0.5.0.tgz",
			"integrity": "sha512-tlbJqcMHnPKI9zSrystikWKwHkBqu2a/Sgw01h3zFjvYrMxEDYHzzoMZnUrbIfpTFEsoRnnviOXNCzFiSc54Qw=="
		},
		"ret": {
			"version": "0.1.15",
			"resolved": "https://registry.npmjs.org/ret/-/ret-0.1.15.tgz",
			"integrity": "sha512-TTlYpa+OL+vMMNG24xSlQGEJ3B/RzEfUlLct7b5G/ytav+wPrplCpVMFuwzXbkecJrb6IYo1iFb0S9v37754mg=="
		},
		"typescript": {
			"version": "4.2.4",
			"resolved": "https://registry.npmjs.org/typescript/-/typescript-4.2.4.tgz",
			"integrity": "sha512-V+evlYHZnQkaz8TRBuxTA92yZBPotr5H+WhQ7bD3hZUndx5tGOa1fuCgeSjxAzM1RiN5IzvadIXTVefuuwZCRg==",
			"dev": true
		},
		"vscode-jsonrpc": {
			"version": "6.0.0",
			"resolved": "https://registry.npmjs.org/vscode-jsonrpc/-/vscode-jsonrpc-6.0.0.tgz",
			"integrity": "sha512-wnJA4BnEjOSyFMvjZdpiOwhSq9uDoK8e/kpRJDTaMYzwlkrhG1fwDIZI94CLsLzlCK5cIbMMtFlJlfR57Lavmg=="
		},
		"vscode-languageserver": {
			"version": "7.0.0",
			"resolved": "https://registry.npmjs.org/vscode-languageserver/-/vscode-languageserver-7.0.0.tgz",
			"integrity": "sha512-60HTx5ID+fLRcgdHfmz0LDZAXYEV68fzwG0JWwEPBode9NuMYTIxuYXPg4ngO8i8+Ou0lM7y6GzaYWbiDL0drw==",
			"requires": {
				"vscode-languageserver-protocol": "3.16.0"
			}
		},
		"vscode-languageserver-protocol": {
			"version": "3.16.0",
			"resolved": "https://registry.npmjs.org/vscode-languageserver-protocol/-/vscode-languageserver-protocol-3.16.0.tgz",
			"integrity": "sha512-sdeUoAawceQdgIfTI+sdcwkiK2KU+2cbEYA0agzM2uqaUy2UpnnGHtWTHVEtS0ES4zHU0eMFRGN+oQgDxlD66A==",
			"requires": {
				"vscode-jsonrpc": "6.0.0",
				"vscode-languageserver-types": "3.16.0"
			}
		},
		"vscode-languageserver-textdocument": {
			"version": "1.0.1",
			"resolved": "https://registry.npmjs.org/vscode-languageserver-textdocument/-/vscode-languageserver-textdocument-1.0.1.tgz",
			"integrity": "sha512-UIcJDjX7IFkck7cSkNNyzIz5FyvpQfY7sdzVy+wkKN/BLaD4DQ0ppXQrKePomCxTS7RrolK1I0pey0bG9eh8dA=="
		},
		"vscode-languageserver-types": {
			"version": "3.16.0",
			"resolved": "https://registry.npmjs.org/vscode-languageserver-types/-/vscode-languageserver-types-3.16.0.tgz",
			"integrity": "sha512-k8luDIWJWyenLc5ToFQQMaSrqCHiLwyKPHKPQZ5zz21vM+vIVUSvsRpcbiECH4WR88K2XZqc4ScRcZ7nk/jbeA=="
		}
	}
}
